
Microsoft Visual Studio Solution File, Format Version 12.00
# Visual Studio 15
VisualStudioVersion = 15.0.27428.2027
MinimumVisualStudioVersion = 10.0.40219.1
Project("{FAE04EC0-301F-11D3-BF4B-00C04F79EFBC}") = "Dezipper.Api", "Dezipper.Api\Dezipper.Api.csproj", "{7A53FDCF-9EC9-4F09-BAC2-F173EDF0EA96}"
EndProject
Global
	GlobalSection(SolutionConfigurationPlatforms) = preSolution
		Debug|x64 = Debug|x64
		Release|x64 = Release|x64
	EndGlobalSection
	GlobalSection(ProjectConfigurationPlatforms) = postSolution
		{7A53FDCF-9EC9-4F09-BAC2-F173EDF0EA96}.Debug|x64.ActiveCfg = Debug|x64
		{7A53FDCF-9EC9-4F09-BAC2-F173EDF0EA96}.Debug|x64.Build.0 = Debug|x64
		{7A53FDCF-9EC9-4F09-BAC2-F173EDF0EA96}.Release|x64.ActiveCfg = Release|x64
		{7A53FDCF-9EC9-4F09-BAC2-F173EDF0EA96}.Release|x64.Build.0 = Release|x64
	EndGlobalSection
	GlobalSection(SolutionProperties) = preSolution
		HideSolutionNode = FALSE
	EndGlobalSection
	GlobalSection(ExtensibilityGlobals) = postSolution
		SolutionGuid = {579CD73D-F159-48F3-B96C-30B35CFAFF3E}
	EndGlobalSection
EndGlobal
